<?xml version="1.0" encoding="utf-8"?>
<Project ToolsVersion="4.0" xmlns="http://schemas.microsoft.com/developer/msbuild/2003">
  <ItemGroup>
    <Filter Include="Source Files">
      <UniqueIdentifier>{4FC737F1-C7A5-4376-A066-2A32D752A2FF}</UniqueIdentifier>
    </Filter>
    <Filter Include="Header Files">
      <UniqueIdentifier>{93995380-89BD-4b04-88EB-625FBE52EBFB}</UniqueIdentifier>
    </Filter>
    <Filter Include="Source Files\antitamper">
      <UniqueIdentifier>{a1b2c3d4-0001-4000-8000-000000000001}</UniqueIdentifier>
    </Filter>
    <Filter Include="Header Files\antitamper">
      <UniqueIdentifier>{a1b2c3d4-0002-4000-8000-000000000002}</UniqueIdentifier>
    </Filter>
    <Filter Include="Source Files\hooking">
      <UniqueIdentifier>{a1b2c3d4-0003-4000-8000-000000000003}</UniqueIdentifier>
    </Filter>
    <Filter Include="Header Files\hooking">
      <UniqueIdentifier>{a1b2c3d4-0004-4000-8000-000000000004}</UniqueIdentifier>
    </Filter>
    <Filter Include="third_party\minhook">
      <UniqueIdentifier>{a1b2c3d4-0005-4000-8000-000000000005}</UniqueIdentifier>
    </Filter>
    <Filter Include="third_party\bddisasm">
      <UniqueIdentifier>{a1b2c3d4-0008-4000-8000-000000000008}</UniqueIdentifier>
    </Filter>
    <Filter Include="Source Files\memory">
      <UniqueIdentifier>{a1b2c3d4-0006-4000-8000-000000000006}</UniqueIdentifier>
    </Filter>
    <Filter Include="Header Files\memory">
      <UniqueIdentifier>{a1b2c3d4-0007-4000-8000-000000000007}</UniqueIdentifier>
    </Filter>
  </ItemGroup>
  <ItemGroup>
    <ClInclude Include="framework.h">
      <Filter>Header Files</Filter>
    </ClInclude>
    <ClInclude Include="pch.h">
      <Filter>Header Files</Filter>
    </ClInclude>
    <ClInclude Include="Util.h">
      <Filter>Header Files</Filter>
    </ClInclude>
    <ClInclude Include="GameProfile.h">
      <Filter>Header Files</Filter>
    </ClInclude>
    <ClInclude Include="hooking\MinHookInlineHook.h">
      <Filter>Header Files\hooking</Filter>
    </ClInclude>
    <ClInclude Include="antitamper\DbgUiRemoteBreakinWatcher.h">
      <Filter>Header Files\antitamper</Filter>
    </ClInclude>
    <ClInclude Include="antitamper\RuntimeGuards.h">
      <Filter>Header Files\antitamper</Filter>
    </ClInclude>
    <ClInclude Include="antitamper\DD2FamilyBypass.h">
      <Filter>Header Files\antitamper</Filter>
    </ClInclude>
    <ClInclude Include="memory\MemoryScan.h">
      <Filter>Header Files\memory</Filter>
    </ClInclude>
    <ClInclude Include="memory\MemoryPatch.h">
      <Filter>Header Files\memory</Filter>
    </ClInclude>
    <ClInclude Include="memory\ThreadSuspension.h">
      <Filter>Header Files\memory</Filter>
    </ClInclude>
  </ItemGroup>
  <ItemGroup>
    <ClCompile Include="pch.cpp">
      <Filter>Source Files</Filter>
    </ClCompile>
    <ClCompile Include="dllmain.cpp">
      <Filter>Source Files</Filter>
    </ClCompile>
    <ClCompile Include="Util.cpp">
      <Filter>Source Files</Filter>
    </ClCompile>
    <ClCompile Include="GameProfile.cpp">
      <Filter>Source Files</Filter>
    </ClCompile>
    <ClCompile Include="hooking\MinHookInlineHook.cpp">
      <Filter>Source Files\hooking</Filter>
    </ClCompile>
    <ClCompile Include="antitamper\DbgUiRemoteBreakinWatcher.cpp">
      <Filter>Source Files\antitamper</Filter>
    </ClCompile>
    <ClCompile Include="antitamper\RuntimeGuards.cpp">
      <Filter>Source Files\antitamper</Filter>
    </ClCompile>
    <ClCompile Include="antitamper\DD2FamilyBypass.cpp">
      <Filter>Source Files\antitamper</Filter>
    </ClCompile>
    <ClCompile Include="memory\MemoryScan.cpp">
      <Filter>Source Files\memory</Filter>
    </ClCompile>
    <ClCompile Include="memory\MemoryPatch.cpp">
      <Filter>Source Files\memory</Filter>
    </ClCompile>
    <ClCompile Include="memory\ThreadSuspension.cpp">
      <Filter>Source Files\memory</Filter>
    </ClCompile>
    <ClCompile Include="..\third_party\minhook\src\buffer.c">
      <Filter>third_party\minhook</Filter>
    </ClCompile>
    <ClCompile Include="..\third_party\minhook\src\hook.c">
      <Filter>third_party\minhook</Filter>
    </ClCompile>
    <ClCompile Include="..\third_party\minhook\src\trampoline.c">
      <Filter>third_party\minhook</Filter>
    </ClCompile>
    <ClCompile Include="..\third_party\minhook\src\hde\hde64.c">
      <Filter>third_party\minhook</Filter>
    </ClCompile>
    <ClCompile Include="..\third_party\bddisasm\bddisasm\bddisasm.c">
      <Filter>third_party\bddisasm</Filter>
    </ClCompile>
    <ClCompile Include="..\third_party\bddisasm\bddisasm\crt.c">
      <Filter>third_party\bddisasm</Filter>
    </ClCompile>
  </ItemGroup>
</Project>
